// !$*UTF8*$!
{
	archiveVersion = 1;
	classes = {
	};
	objectVersion = 46;
	objects = {

/* Begin PBXBuildFile section */
		1BE503061DB019890001A925 /* AppDelegate.swift in Sources */ = {isa = PBXBuildFile; fileRef = 1BE503051DB019890001A925 /* AppDelegate.swift */; };
		1BE503081DB019890001A925 /* ViewController.swift in Sources */ = {isa = PBXBuildFile; fileRef = 1BE503071DB019890001A925 /* ViewController.swift */; };
		1BE5030B1DB019890001A925 /* Main.storyboard in Resources */ = {isa = PBXBuildFile; fileRef = 1BE503091DB019890001A925 /* Main.storyboard */; };
		1BE5030D1DB019890001A925 /* Assets.xcassets in Resources */ = {isa = PBXBuildFile; fileRef = 1BE5030C1DB019890001A925 /* Assets.xcassets */; };
		1BE503101DB019890001A925 /* LaunchScreen.storyboard in Resources */ = {isa = PBXBuildFile; fileRef = 1BE5030E1DB019890001A925 /* LaunchScreen.storyboard */; };
		1BE5031B1DB019890001A925 /* CoreDataAssessment2Tests.swift in Sources */ = {isa = PBXBuildFile; fileRef = 1BE5031A1DB019890001A925 /* CoreDataAssessment2Tests.swift */; };
		1BE503261DB019890001A925 /* CoreDataAssessment2UITests.swift in Sources */ = {isa = PBXBuildFile; fileRef = 1BE503251DB019890001A925 /* CoreDataAssessment2UITests.swift */; };
		1BE503351DB019BA0001A925 /* CoreDataAssessment2.xcdatamodeld in Sources */ = {isa = PBXBuildFile; fileRef = 1BE503331DB019BA0001A925 /* CoreDataAssessment2.xcdatamodeld */; };
		1BE503371DB01C2B0001A925 /* DataStore.swift in Sources */ = {isa = PBXBuildFile; fileRef = 1BE503361DB01C2B0001A925 /* DataStore.swift */; };
		1BE503451DB024180001A925 /* HospitalTableViewController.swift in Sources */ = {isa = PBXBuildFile; fileRef = 1BE503441DB024180001A925 /* HospitalTableViewController.swift */; };
		1BE503471DB024440001A925 /* VetsTableViewController.swift in Sources */ = {isa = PBXBuildFile; fileRef = 1BE503461DB024440001A925 /* VetsTableViewController.swift */; };
		1BE503491DB0246F0001A925 /* PetsTableViewController.swift in Sources */ = {isa = PBXBuildFile; fileRef = 1BE503481DB0246F0001A925 /* PetsTableViewController.swift */; };
		E12A22FE1DB2BBAB003AD180 /* Pet+CoreDataClass.swift in Sources */ = {isa = PBXBuildFile; fileRef = E12A22F81DB2BBAB003AD180 /* Pet+CoreDataClass.swift */; };
		E12A22FF1DB2BBAB003AD180 /* Pet+CoreDataProperties.swift in Sources */ = {isa = PBXBuildFile; fileRef = E12A22F91DB2BBAB003AD180 /* Pet+CoreDataProperties.swift */; };
		E12A23001DB2BBAB003AD180 /* Hospital+CoreDataClass.swift in Sources */ = {isa = PBXBuildFile; fileRef = E12A22FA1DB2BBAB003AD180 /* Hospital+CoreDataClass.swift */; };
		E12A23011DB2BBAB003AD180 /* Hospital+CoreDataProperties.swift in Sources */ = {isa = PBXBuildFile; fileRef = E12A22FB1DB2BBAB003AD180 /* Hospital+CoreDataProperties.swift */; };
		E12A23021DB2BBAB003AD180 /* Vet+CoreDataClass.swift in Sources */ = {isa = PBXBuildFile; fileRef = E12A22FC1DB2BBAB003AD180 /* Vet+CoreDataClass.swift */; };
		E12A23031DB2BBAB003AD180 /* Vet+CoreDataProperties.swift in Sources */ = {isa = PBXBuildFile; fileRef = E12A22FD1DB2BBAB003AD180 /* Vet+CoreDataProperties.swift */; };
/* End PBXBuildFile section */

/* Begin PBXContainerItemProxy section */
		1BE503171DB019890001A925 /* PBXContainerItemProxy */ = {
			isa = PBXContainerItemProxy;
			containerPortal = 1BE502FA1DB019890001A925 /* Project object */;
			proxyType = 1;
			remoteGlobalIDString = 1BE503011DB019890001A925;
			remoteInfo = CoreDataAssessment2;
		};
		1BE503221DB019890001A925 /* PBXContainerItemProxy */ = {
			isa = PBXContainerItemProxy;
			containerPortal = 1BE502FA1DB019890001A925 /* Project object */;
			proxyType = 1;
			remoteGlobalIDString = 1BE503011DB019890001A925;
			remoteInfo = CoreDataAssessment2;
		};
/* End PBXContainerItemProxy section */

/* Begin PBXFileReference section */
		1BE503021DB019890001A925 /* CoreDataAssessment2.app */ = {isa = PBXFileReference; explicitFileType = wrapper.application; includeInIndex = 0; path = CoreDataAssessment2.app; sourceTree = BUILT_PRODUCTS_DIR; };
		1BE503051DB019890001A925 /* AppDelegate.swift */ = {isa = PBXFileReference; lastKnownFileType = sourcecode.swift; path = AppDelegate.swift; sourceTree = "<group>"; };
		1BE503071DB019890001A925 /* ViewController.swift */ = {isa = PBXFileReference; lastKnownFileType = sourcecode.swift; path = ViewController.swift; sourceTree = "<group>"; };
		1BE5030A1DB019890001A925 /* Base */ = {isa = PBXFileReference; lastKnownFileType = file.storyboard; name = Base; path = Base.lproj/Main.storyboard; sourceTree = "<group>"; };
		1BE5030C1DB019890001A925 /* Assets.xcassets */ = {isa = PBXFileReference; lastKnownFileType = folder.assetcatalog; path = Assets.xcassets; sourceTree = "<group>"; };
		1BE5030F1DB019890001A925 /* Base */ = {isa = PBXFileReference; lastKnownFileType = file.storyboard; name = Base; path = Base.lproj/LaunchScreen.storyboard; sourceTree = "<group>"; };
		1BE503111DB019890001A925 /* Info.plist */ = {isa = PBXFileReference; lastKnownFileType = text.plist.xml; path = Info.plist; sourceTree = "<group>"; };
		1BE503161DB019890001A925 /* CoreDataAssessment2Tests.xctest */ = {isa = PBXFileReference; explicitFileType = wrapper.cfbundle; includeInIndex = 0; path = CoreDataAssessment2Tests.xctest; sourceTree = BUILT_PRODUCTS_DIR; };
		1BE5031A1DB019890001A925 /* CoreDataAssessment2Tests.swift */ = {isa = PBXFileReference; lastKnownFileType = sourcecode.swift; path = CoreDataAssessment2Tests.swift; sourceTree = "<group>"; };
		1BE5031C1DB019890001A925 /* Info.plist */ = {isa = PBXFileReference; lastKnownFileType = text.plist.xml; path = Info.plist; sourceTree = "<group>"; };
		1BE503211DB019890001A925 /* CoreDataAssessment2UITests.xctest */ = {isa = PBXFileReference; explicitFileType = wrapper.cfbundle; includeInIndex = 0; path = CoreDataAssessment2UITests.xctest; sourceTree = BUILT_PRODUCTS_DIR; };
		1BE503251DB019890001A925 /* CoreDataAssessment2UITests.swift */ = {isa = PBXFileReference; lastKnownFileType = sourcecode.swift; path = CoreDataAssessment2UITests.swift; sourceTree = "<group>"; };
		1BE503271DB019890001A925 /* Info.plist */ = {isa = PBXFileReference; lastKnownFileType = text.plist.xml; path = Info.plist; sourceTree = "<group>"; };
		1BE503341DB019BA0001A925 /* CoreDataAssessment2.xcdatamodel */ = {isa = PBXFileReference; lastKnownFileType = wrapper.xcdatamodel; path = CoreDataAssessment2.xcdatamodel; sourceTree = "<group>"; };
		1BE503361DB01C2B0001A925 /* DataStore.swift */ = {isa = PBXFileReference; fileEncoding = 4; lastKnownFileType = sourcecode.swift; path = DataStore.swift; sourceTree = "<group>"; };
		1BE503441DB024180001A925 /* HospitalTableViewController.swift */ = {isa = PBXFileReference; fileEncoding = 4; lastKnownFileType = sourcecode.swift; path = HospitalTableViewController.swift; sourceTree = "<group>"; };
		1BE503461DB024440001A925 /* VetsTableViewController.swift */ = {isa = PBXFileReference; fileEncoding = 4; lastKnownFileType = sourcecode.swift; path = VetsTableViewController.swift; sourceTree = "<group>"; };
		1BE503481DB0246F0001A925 /* PetsTableViewController.swift */ = {isa = PBXFileReference; fileEncoding = 4; lastKnownFileType = sourcecode.swift; path = PetsTableViewController.swift; sourceTree = "<group>"; };
		E12A22F81DB2BBAB003AD180 /* Pet+CoreDataClass.swift */ = {isa = PBXFileReference; fileEncoding = 4; lastKnownFileType = sourcecode.swift; path = "Pet+CoreDataClass.swift"; sourceTree = "<group>"; };
		E12A22F91DB2BBAB003AD180 /* Pet+CoreDataProperties.swift */ = {isa = PBXFileReference; fileEncoding = 4; lastKnownFileType = sourcecode.swift; path = "Pet+CoreDataProperties.swift"; sourceTree = "<group>"; };
		E12A22FA1DB2BBAB003AD180 /* Hospital+CoreDataClass.swift */ = {isa = PBXFileReference; fileEncoding = 4; lastKnownFileType = sourcecode.swift; path = "Hospital+CoreDataClass.swift"; sourceTree = "<group>"; };
		E12A22FB1DB2BBAB003AD180 /* Hospital+CoreDataProperties.swift */ = {isa = PBXFileReference; fileEncoding = 4; lastKnownFileType = sourcecode.swift; path = "Hospital+CoreDataProperties.swift"; sourceTree = "<group>"; };
		E12A22FC1DB2BBAB003AD180 /* Vet+CoreDataClass.swift */ = {isa = PBXFileReference; fileEncoding = 4; lastKnownFileType = sourcecode.swift; path = "Vet+CoreDataClass.swift"; sourceTree = "<group>"; };
		E12A22FD1DB2BBAB003AD180 /* Vet+CoreDataProperties.swift */ = {isa = PBXFileReference; fileEncoding = 4; lastKnownFileType = sourcecode.swift; path = "Vet+CoreDataProperties.swift"; sourceTree = "<group>"; };
/* End PBXFileReference section */

/* Begin PBXFrameworksBuildPhase section */
		1BE502FF1DB019890001A925 /* Frameworks */ = {
			isa = PBXFrameworksBuildPhase;
			buildActionMask = 2147483647;
			files = (
			);
			runOnlyForDeploymentPostprocessing = 0;
		};
		1BE503131DB019890001A925 /* Frameworks */ = {
			isa = PBXFrameworksBuildPhase;
			buildActionMask = 2147483647;
			files = (
			);
			runOnlyForDeploymentPostprocessing = 0;
		};
		1BE5031E1DB019890001A925 /* Frameworks */ = {
			isa = PBXFrameworksBuildPhase;
			buildActionMask = 2147483647;
			files = (
			);
			runOnlyForDeploymentPostprocessing = 0;
		};
/* End PBXFrameworksBuildPhase section */

/* Begin PBXGroup section */
		1BE502F91DB019890001A925 = {
			isa = PBXGroup;
			children = (
				1BE503041DB019890001A925 /* CoreDataAssessment2 */,
				1BE503191DB019890001A925 /* CoreDataAssessment2Tests */,
				1BE503241DB019890001A925 /* CoreDataAssessment2UITests */,
				1BE503031DB019890001A925 /* Products */,
			);
			sourceTree = "<group>";
		};
		1BE503031DB019890001A925 /* Products */ = {
			isa = PBXGroup;
			children = (
				1BE503021DB019890001A925 /* CoreDataAssessment2.app */,
				1BE503161DB019890001A925 /* CoreDataAssessment2Tests.xctest */,
				1BE503211DB019890001A925 /* CoreDataAssessment2UITests.xctest */,
			);
			name = Products;
			sourceTree = "<group>";
		};
		1BE503041DB019890001A925 /* CoreDataAssessment2 */ = {
			isa = PBXGroup;
			children = (
				1BE503051DB019890001A925 /* AppDelegate.swift */,
				E12A22F81DB2BBAB003AD180 /* Pet+CoreDataClass.swift */,
				E12A22F91DB2BBAB003AD180 /* Pet+CoreDataProperties.swift */,
				E12A22FA1DB2BBAB003AD180 /* Hospital+CoreDataClass.swift */,
				E12A22FB1DB2BBAB003AD180 /* Hospital+CoreDataProperties.swift */,
				E12A22FC1DB2BBAB003AD180 /* Vet+CoreDataClass.swift */,
				E12A22FD1DB2BBAB003AD180 /* Vet+CoreDataProperties.swift */,
				1BE503361DB01C2B0001A925 /* DataStore.swift */,
				1BE503441DB024180001A925 /* HospitalTableViewController.swift */,
				1BE503461DB024440001A925 /* VetsTableViewController.swift */,
				1BE503481DB0246F0001A925 /* PetsTableViewController.swift */,
				1BE503071DB019890001A925 /* ViewController.swift */,
				1BE503091DB019890001A925 /* Main.storyboard */,
				1BE503331DB019BA0001A925 /* CoreDataAssessment2.xcdatamodeld */,
				1BE5030C1DB019890001A925 /* Assets.xcassets */,
				1BE5030E1DB019890001A925 /* LaunchScreen.storyboard */,
				1BE503111DB019890001A925 /* Info.plist */,
			);
			path = CoreDataAssessment2;
			sourceTree = "<group>";
		};
		1BE503191DB019890001A925 /* CoreDataAssessment2Tests */ = {
			isa = PBXGroup;
			children = (
				1BE5031A1DB019890001A925 /* CoreDataAssessment2Tests.swift */,
				1BE5031C1DB019890001A925 /* Info.plist */,
			);
			path = CoreDataAssessment2Tests;
			sourceTree = "<group>";
		};
		1BE503241DB019890001A925 /* CoreDataAssessment2UITests */ = {
			isa = PBXGroup;
			children = (
				1BE503251DB019890001A925 /* CoreDataAssessment2UITests.swift */,
				1BE503271DB019890001A925 /* Info.plist */,
			);
			path = CoreDataAssessment2UITests;
			sourceTree = "<group>";
		};
/* End PBXGroup section */

/* Begin PBXNativeTarget section */
		1BE503011DB019890001A925 /* CoreDataAssessment2 */ = {
			isa = PBXNativeTarget;
			buildConfigurationList = 1BE5032A1DB019890001A925 /* Build configuration list for PBXNativeTarget "CoreDataAssessment2" */;
			buildPhases = (
				1BE502FE1DB019890001A925 /* Sources */,
				1BE502FF1DB019890001A925 /* Frameworks */,
				1BE503001DB019890001A925 /* Resources */,
			);
			buildRules = (
			);
			dependencies = (
			);
			name = CoreDataAssessment2;
			productName = CoreDataAssessment2;
			productReference = 1BE503021DB019890001A925 /* CoreDataAssessment2.app */;
			productType = "com.apple.product-type.application";
		};
		1BE503151DB019890001A925 /* CoreDataAssessment2Tests */ = {
			isa = PBXNativeTarget;
			buildConfigurationList = 1BE5032D1DB019890001A925 /* Build configuration list for PBXNativeTarget "CoreDataAssessment2Tests" */;
			buildPhases = (
				1BE503121DB019890001A925 /* Sources */,
				1BE503131DB019890001A925 /* Frameworks */,
				1BE503141DB019890001A925 /* Resources */,
			);
			buildRules = (
			);
			dependencies = (
				1BE503181DB019890001A925 /* PBXTargetDependency */,
			);
			name = CoreDataAssessment2Tests;
			productName = CoreDataAssessment2Tests;
			productReference = 1BE503161DB019890001A925 /* CoreDataAssessment2Tests.xctest */;
			productType = "com.apple.product-type.bundle.unit-test";
		};
		1BE503201DB019890001A925 /* CoreDataAssessment2UITests */ = {
			isa = PBXNativeTarget;
			buildConfigurationList = 1BE503301DB019890001A925 /* Build configuration list for PBXNativeTarget "CoreDataAssessment2UITests" */;
			buildPhases = (
				1BE5031D1DB019890001A925 /* Sources */,
				1BE5031E1DB019890001A925 /* Frameworks */,
				1BE5031F1DB019890001A925 /* Resources */,
			);
			buildRules = (
			);
			dependencies = (
				1BE503231DB019890001A925 /* PBXTargetDependency */,
			);
			name = CoreDataAssessment2UITests;
			productName = CoreDataAssessment2UITests;
			productReference = 1BE503211DB019890001A925 /* CoreDataAssessment2UITests.xctest */;
			productType = "com.apple.product-type.bundle.ui-testing";
		};
/* End PBXNativeTarget section */

/* Begin PBXProject section */
		1BE502FA1DB019890001A925 /* Project object */ = {
			isa = PBXProject;
			attributes = {
				LastSwiftUpdateCheck = 0800;
				LastUpgradeCheck = 0800;
				ORGANIZATIONNAME = Dennisvera;
				TargetAttributes = {
					1BE503011DB019890001A925 = {
						CreatedOnToolsVersion = 8.0;
						ProvisioningStyle = Automatic;
					};
					1BE503151DB019890001A925 = {
						CreatedOnToolsVersion = 8.0;
						ProvisioningStyle = Automatic;
						TestTargetID = 1BE503011DB019890001A925;
					};
					1BE503201DB019890001A925 = {
						CreatedOnToolsVersion = 8.0;
						ProvisioningStyle = Automatic;
						TestTargetID = 1BE503011DB019890001A925;
					};
				};
			};
			buildConfigurationList = 1BE502FD1DB019890001A925 /* Build configuration list for PBXProject "CoreDataAssessment2" */;
			compatibilityVersion = "Xcode 3.2";
			developmentRegion = English;
			hasScannedForEncodings = 0;
			knownRegions = (
				en,
				Base,
			);
			mainGroup = 1BE502F91DB019890001A925;
			productRefGroup = 1BE503031DB019890001A925 /* Products */;
			projectDirPath = "";
			projectRoot = "";
			targets = (
				1BE503011DB019890001A925 /* CoreDataAssessment2 */,
				1BE503151DB019890001A925 /* CoreDataAssessment2Tests */,
				1BE503201DB019890001A925 /* CoreDataAssessment2UITests */,
			);
		};
/* End PBXProject section */

/* Begin PBXResourcesBuildPhase section */
		1BE503001DB019890001A925 /* Resources */ = {
			isa = PBXResourcesBuildPhase;
			buildActionMask = 2147483647;
			files = (
				1BE503101DB019890001A925 /* LaunchScreen.storyboard in Resources */,
				1BE5030D1DB019890001A925 /* Assets.xcassets in Resources */,
				1BE5030B1DB019890001A925 /* Main.storyboard in Resources */,
			);
			runOnlyForDeploymentPostprocessing = 0;
		};
		1BE503141DB019890001A925 /* Resources */ = {
			isa = PBXResourcesBuildPhase;
			buildActionMask = 2147483647;
			files = (
			);
			runOnlyForDeploymentPostprocessing = 0;
		};
		1BE5031F1DB019890001A925 /* Resources */ = {
			isa = PBXResourcesBuildPhase;
			buildActionMask = 2147483647;
			files = (
			);
			runOnlyForDeploymentPostprocessing = 0;
		};
/* End PBXResourcesBuildPhase section */

/* Begin PBXSourcesBuildPhase section */
		1BE502FE1DB019890001A925 /* Sources */ = {
			isa = PBXSourcesBuildPhase;
			buildActionMask = 2147483647;
			files = (
				1BE503081DB019890001A925 /* ViewController.swift in Sources */,
				1BE503471DB024440001A925 /* VetsTableViewController.swift in Sources */,
				1BE503491DB0246F0001A925 /* PetsTableViewController.swift in Sources */,
				E12A23011DB2BBAB003AD180 /* Hospital+CoreDataProperties.swift in Sources */,
				1BE503371DB01C2B0001A925 /* DataStore.swift in Sources */,
				1BE503351DB019BA0001A925 /* CoreDataAssessment2.xcdatamodeld in Sources */,
				1BE503061DB019890001A925 /* AppDelegate.swift in Sources */,
				E12A23031DB2BBAB003AD180 /* Vet+CoreDataProperties.swift in Sources */,
				1BE503451DB024180001A925 /* HospitalTableViewController.swift in Sources */,
				E12A23001DB2BBAB003AD180 /* Hospital+CoreDataClass.swift in Sources */,
				E12A23021DB2BBAB003AD180 /* Vet+CoreDataClass.swift in Sources */,
				E12A22FE1DB2BBAB003AD180 /* Pet+CoreDataClass.swift in Sources */,
				E12A22FF1DB2BBAB003AD180 /* Pet+CoreDataProperties.swift in Sources */,
			);
			runOnlyForDeploymentPostprocessing = 0;
		};
		1BE503121DB019890001A925 /* Sources */ = {
			isa = PBXSourcesBuildPhase;
			buildActionMask = 2147483647;
			files = (
				1BE5031B1DB019890001A925 /* CoreDataAssessment2Tests.swift in Sources */,
			);
			runOnlyForDeploymentPostprocessing = 0;
		};
		1BE5031D1DB019890001A925 /* Sources */ = {
			isa = PBXSourcesBuildPhase;
			buildActionMask = 2147483647;
			files = (
				1BE503261DB019890001A925 /* CoreDataAssessment2UITests.swift in Sources */,
			);
			runOnlyForDeploymentPostprocessing = 0;
		};
/* End PBXSourcesBuildPhase section */

/* Begin PBXTargetDependency section */
		1BE503181DB019890001A925 /* PBXTargetDependency */ = {
			isa = PBXTargetDependency;
			target = 1BE503011DB019890001A925 /* CoreDataAssessment2 */;
			targetProxy = 1BE503171DB019890001A925 /* PBXContainerItemProxy */;
		};
		1BE503231DB019890001A925 /* PBXTargetDependency */ = {
			isa = PBXTargetDependency;
			target = 1BE503011DB019890001A925 /* CoreDataAssessment2 */;
			targetProxy = 1BE503221DB019890001A925 /* PBXContainerItemProxy */;
		};
/* End PBXTargetDependency section */

/* Begin PBXVariantGroup section */
		1BE503091DB019890001A925 /* Main.storyboard */ = {
			isa = PBXVariantGroup;
			children = (
				1BE5030A1DB019890001A925 /* Base */,
			);
			name = Main.storyboard;
			sourceTree = "<group>";
		};
		1BE5030E1DB019890001A925 /* LaunchScreen.storyboard */ = {
			isa = PBXVariantGroup;
			children = (
				1BE5030F1DB019890001A925 /* Base */,
			);
			name = LaunchScreen.storyboard;
			sourceTree = "<group>";
		};
/* End PBXVariantGroup section */

/* Begin XCBuildConfiguration section */
		1BE503281DB019890001A925 /* Debug */ = {
			isa = XCBuildConfiguration;
			buildSettings = {
				ALWAYS_SEARCH_USER_PATHS = NO;
				CLANG_ANALYZER_NONNULL = YES;
				CLANG_CXX_LANGUAGE_STANDARD = "gnu++0x";
				CLANG_CXX_LIBRARY = "libc++";
				CLANG_ENABLE_MODULES = YES;
				CLANG_ENABLE_OBJC_ARC = YES;
				CLANG_WARN_BOOL_CONVERSION = YES;
				CLANG_WARN_CONSTANT_CONVERSION = YES;
				CLANG_WARN_DIRECT_OBJC_ISA_USAGE = YES_ERROR;
				CLANG_WARN_DOCUMENTATION_COMMENTS = YES;
				CLANG_WARN_EMPTY_BODY = YES;
				CLANG_WARN_ENUM_CONVERSION = YES;
				CLANG_WARN_INFINITE_RECURSION = YES;
				CLANG_WARN_INT_CONVERSION = YES;
				CLANG_WARN_OBJC_ROOT_CLASS = YES_ERROR;
				CLANG_WARN_SUSPICIOUS_MOVES = YES;
				CLANG_WARN_UNREACHABLE_CODE = YES;
				CLANG_WARN__DUPLICATE_METHOD_MATCH = YES;
				"CODE_SIGN_IDENTITY[sdk=iphoneos*]" = "iPhone Developer";
				COPY_PHASE_STRIP = NO;
				DEBUG_INFORMATION_FORMAT = dwarf;
				ENABLE_STRICT_OBJC_MSGSEND = YES;
				ENABLE_TESTABILITY = YES;
				GCC_C_LANGUAGE_STANDARD = gnu99;
				GCC_DYNAMIC_NO_PIC = NO;
				GCC_NO_COMMON_BLOCKS = YES;
				GCC_OPTIMIZATION_LEVEL = 0;
				GCC_PREPROCESSOR_DEFINITIONS = (
					"DEBUG=1",
					"$(inherited)",
				);
				GCC_WARN_64_TO_32_BIT_CONVERSION = YES;
				GCC_WARN_ABOUT_RETURN_TYPE = YES_ERROR;
				GCC_WARN_UNDECLARED_SELECTOR = YES;
				GCC_WARN_UNINITIALIZED_AUTOS = YES_AGGRESSIVE;
				GCC_WARN_UNUSED_FUNCTION = YES;
				GCC_WARN_UNUSED_VARIABLE = YES;
				IPHONEOS_DEPLOYMENT_TARGET = 10.0;
				MTL_ENABLE_DEBUG_INFO = YES;
				ONLY_ACTIVE_ARCH = YES;
				SDKROOT = iphoneos;
				SWIFT_ACTIVE_COMPILATION_CONDITIONS = DEBUG;
				SWIFT_OPTIMIZATION_LEVEL = "-Onone";
				TARGETED_DEVICE_FAMILY = "1,2";
			};
			name = Debug;
		};
		1BE503291DB019890001A925 /* Release */ = {
			isa = XCBuildConfiguration;
			buildSettings = {
				ALWAYS_SEARCH_USER_PATHS = NO;
				CLANG_ANALYZER_NONNULL = YES;
				CLANG_CXX_LANGUAGE_STANDARD = "gnu++0x";
				CLANG_CXX_LIBRARY = "libc++";
				CLANG_ENABLE_MODULES = YES;
				CLANG_ENABLE_OBJC_ARC = YES;
				CLANG_WARN_BOOL_CONVERSION = YES;
				CLANG_WARN_CONSTANT_CONVERSION = YES;
				CLANG_WARN_DIRECT_OBJC_ISA_USAGE = YES_ERROR;
				CLANG_WARN_DOCUMENTATION_COMMENTS = YES;
				CLANG_WARN_EMPTY_BODY = YES;
				CLANG_WARN_ENUM_CONVERSION = YES;
				CLANG_WARN_INFINITE_RECURSION = YES;
				CLANG_WARN_INT_CONVERSION = YES;
				CLANG_WARN_OBJC_ROOT_CLASS = YES_ERROR;
				CLANG_WARN_SUSPICIOUS_MOVES = YES;
				CLANG_WARN_UNREACHABLE_CODE = YES;
				CLANG_WARN__DUPLICATE_METHOD_MATCH = YES;
				"CODE_SIGN_IDENTITY[sdk=iphoneos*]" = "iPhone Developer";
				COPY_PHASE_STRIP = NO;
				DEBUG_INFORMATION_FORMAT = "dwarf-with-dsym";
				ENABLE_NS_ASSERTIONS = NO;
				ENABLE_STRICT_OBJC_MSGSEND = YES;
				GCC_C_LANGUAGE_STANDARD = gnu99;
				GCC_NO_COMMON_BLOCKS = YES;
				GCC_WARN_64_TO_32_BIT_CONVERSION = YES;
				GCC_WARN_ABOUT_RETURN_TYPE = YES_ERROR;
				GCC_WARN_UNDECLARED_SELECTOR = YES;
				GCC_WARN_UNINITIALIZED_AUTOS = YES_AGGRESSIVE;
				GCC_WARN_UNUSED_FUNCTION = YES;
				GCC_WARN_UNUSED_VARIABLE = YES;
				IPHONEOS_DEPLOYMENT_TARGET = 10.0;
				MTL_ENABLE_DEBUG_INFO = NO;
				SDKROOT = iphoneos;
				SWIFT_OPTIMIZATION_LEVEL = "-Owholemodule";
				TARGETED_DEVICE_FAMILY = "1,2";
				VALIDATE_PRODUCT = YES;
			};
			name = Release;
		};
		1BE5032B1DB019890001A925 /* Debug */ = {
			isa = XCBuildConfiguration;
			buildSettings = {
				ASSETCATALOG_COMPILER_APPICON_NAME = AppIcon;
				INFOPLIST_FILE = CoreDataAssessment2/Info.plist;
				LD_RUNPATH_SEARCH_PATHS = "$(inherited) @executable_path/Frameworks";
				PRODUCT_BUNDLE_IDENTIFIER = dennisvera.CoreDataAssessment2;
				PRODUCT_NAME = "$(TARGET_NAME)";
				SWIFT_VERSION = 3.0;
			};
			name = Debug;
		};
		1BE5032C1DB019890001A925 /* Release */ = {
			isa = XCBuildConfiguration;
			buildSettings = {
				ASSETCATALOG_COMPILER_APPICON_NAME = AppIcon;
				INFOPLIST_FILE = CoreDataAssessment2/Info.plist;
				LD_RUNPATH_SEARCH_PATHS = "$(inherited) @executable_path/Frameworks";
				PRODUCT_BUNDLE_IDENTIFIER = dennisvera.CoreDataAssessment2;
				PRODUCT_NAME = "$(TARGET_NAME)";
				SWIFT_VERSION = 3.0;
			};
			name = Release;
		};
		1BE5032E1DB019890001A925 /* Debug */ = {
			isa = XCBuildConfiguration;
			buildSettings = {
				ALWAYS_EMBED_SWIFT_STANDARD_LIBRARIES = YES;
				BUNDLE_LOADER = "$(TEST_HOST)";
				INFOPLIST_FILE = CoreDataAssessment2Tests/Info.plist;
				LD_RUNPATH_SEARCH_PATHS = "$(inherited) @executable_path/Frameworks @loader_path/Frameworks";
				PRODUCT_BUNDLE_IDENTIFIER = dennisvera.CoreDataAssessment2Tests;
				PRODUCT_NAME = "$(TARGET_NAME)";
				SWIFT_VERSION = 3.0;
				TEST_HOST = "$(BUILT_PRODUCTS_DIR)/CoreDataAssessment2.app/CoreDataAssessment2";
			};
			name = Debug;
		};
		1BE5032F1DB019890001A925 /* Release */ = {
			isa = XCBuildConfiguration;
			buildSettings = {
				ALWAYS_EMBED_SWIFT_STANDARD_LIBRARIES = YES;
				BUNDLE_LOADER = "$(TEST_HOST)";
				INFOPLIST_FILE = CoreDataAssessment2Tests/Info.plist;
				LD_RUNPATH_SEARCH_PATHS = "$(inherited) @executable_path/Frameworks @loader_path/Frameworks";
				PRODUCT_BUNDLE_IDENTIFIER = dennisvera.CoreDataAssessment2Tests;
				PRODUCT_NAME = "$(TARGET_NAME)";
				SWIFT_VERSION = 3.0;
				TEST_HOST = "$(BUILT_PRODUCTS_DIR)/CoreDataAssessment2.app/CoreDataAssessment2";
			};
			name = Release;
		};
		1BE503311DB019890001A925 /* Debug */ = {
			isa = XCBuildConfiguration;
			buildSettings = {
				ALWAYS_EMBED_SWIFT_STANDARD_LIBRARIES = YES;
				INFOPLIST_FILE = CoreDataAssessment2UITests/Info.plist;
				LD_RUNPATH_SEARCH_PATHS = "$(inherited) @executable_path/Frameworks @loader_path/Frameworks";
				PRODUCT_BUNDLE_IDENTIFIER = dennisvera.CoreDataAssessment2UITests;
				PRODUCT_NAME = "$(TARGET_NAME)";
				SWIFT_VERSION = 3.0;
				TEST_TARGET_NAME = CoreDataAssessment2;
			};
			name = Debug;
		};
		1BE503321DB019890001A925 /* Release */ = {
			isa = XCBuildConfiguration;
			buildSettings = {
				ALWAYS_EMBED_SWIFT_STANDARD_LIBRARIES = YES;
				INFOPLIST_FILE = CoreDataAssessment2UITests/Info.plist;
				LD_RUNPATH_SEARCH_PATHS = "$(inherited) @executable_path/Frameworks @loader_path/Frameworks";
				PRODUCT_BUNDLE_IDENTIFIER = dennisvera.CoreDataAssessment2UITests;
				PRODUCT_NAME = "$(TARGET_NAME)";
				SWIFT_VERSION = 3.0;
				TEST_TARGET_NAME = CoreDataAssessment2;
			};
			name = Release;
		};
/* End XCBuildConfiguration section */

/* Begin XCConfigurationList section */
		1BE502FD1DB019890001A925 /* Build configuration list for PBXProject "CoreDataAssessment2" */ = {
			isa = XCConfigurationList;
			buildConfigurations = (
				1BE503281DB019890001A925 /* Debug */,
				1BE503291DB019890001A925 /* Release */,
			);
			defaultConfigurationIsVisible = 0;
			defaultConfigurationName = Release;
		};
		1BE5032A1DB019890001A925 /* Build configuration list for PBXNativeTarget "CoreDataAssessment2" */ = {
			isa = XCConfigurationList;
			buildConfigurations = (
				1BE5032B1DB019890001A925 /* Debug */,
				1BE5032C1DB019890001A925 /* Release */,
			);
			defaultConfigurationIsVisible = 0;
			defaultConfigurationName = Release;
		};
		1BE5032D1DB019890001A925 /* Build configuration list for PBXNativeTarget "CoreDataAssessment2Tests" */ = {
			isa = XCConfigurationList;
			buildConfigurations = (
				1BE5032E1DB019890001A925 /* Debug */,
				1BE5032F1DB019890001A925 /* Release */,
			);
			defaultConfigurationIsVisible = 0;
			defaultConfigurationName = Release;
		};
		1BE503301DB019890001A925 /* Build configuration list for PBXNativeTarget "CoreDataAssessment2UITests" */ = {
			isa = XCConfigurationList;
			buildConfigurations = (
				1BE503311DB019890001A925 /* Debug */,
				1BE503321DB019890001A925 /* Release */,
			);
			defaultConfigurationIsVisible = 0;
			defaultConfigurationName = Release;
		};
/* End XCConfigurationList section */

/* Begin XCVersionGroup section */
		1BE503331DB019BA0001A925 /* CoreDataAssessment2.xcdatamodeld */ = {
			isa = XCVersionGroup;
			children = (
				1BE503341DB019BA0001A925 /* CoreDataAssessment2.xcdatamodel */,
			);
			currentVersion = 1BE503341DB019BA0001A925 /* CoreDataAssessment2.xcdatamodel */;
			path = CoreDataAssessment2.xcdatamodeld;
			sourceTree = "<group>";
			versionGroupType = wrapper.xcdatamodel;
		};
/* End XCVersionGroup section */
	};
	rootObject = 1BE502FA1DB019890001A925 /* Project object */;
}
